
Microsoft Visual Studio Solution File, Format Version 12.00
# 
VisualStudioVersion = 17.5.002.0
MinimumVisualStudioVersion = 
Project("{FAE04EC0-301F-11D3-BF4B-00C04F79EFBC}") = "DrawingTagsCloudVisualization", "DrawingTagsCloudVisualization\DrawingTagsCloudVisualization.csproj", "{ED288448-602B-4CC4-9A3F-6826B7C4A750}"
EndProject
Project("{FAE04EC0-301F-11D3-BF4B-00C04F79EFBC}") = "TagsCloudVisualization", "TagsCloudVisualization\TagsCloudVisualization.csproj", "{37F47827-A9ED-4FDD-97DC-418F5221521A}"
EndProject
Project("{FAE04EC0-301F-11D3-BF4B-00C04F79EFBC}") = "TestsTagsCloudVisualization", "TestsTagsCloudVisualization\TestsTagsCloudVisualization.csproj", "{4B2F6F86-946B-45CB-8C86-78DB4027A02F}"
EndProject
Project("{FAE04EC0-301F-11D3-BF4B-00C04F79EFBC}") = "ConsoleClient", "ConsoleClient\ConsoleClient.csproj", "{9947D364-443F-43AB-A764-ED71B0DF06A9}"
EndProject
Global
	GlobalSection(SolutionConfigurationPlatforms) = preSolution
		Debug|Any CPU = Debug|Any CPU
		Release|Any CPU = Release|Any CPU
	EndGlobalSection
	GlobalSection(ProjectConfigurationPlatforms) = postSolution
		{ED288448-602B-4CC4-9A3F-6826B7C4A750}.Debug|Any CPU.ActiveCfg = Debug|Any CPU
		{ED288448-602B-4CC4-9A3F-6826B7C4A750}.Debug|Any CPU.Build.0 = Debug|Any CPU
		{ED288448-602B-4CC4-9A3F-6826B7C4A750}.Release|Any CPU.ActiveCfg = Release|Any CPU
		{ED288448-602B-4CC4-9A3F-6826B7C4A750}.Release|Any CPU.Build.0 = Release|Any CPU
		{37F47827-A9ED-4FDD-97DC-418F5221521A}.Debug|Any CPU.ActiveCfg = Debug|Any CPU
		{37F47827-A9ED-4FDD-97DC-418F5221521A}.Debug|Any CPU.Build.0 = Debug|Any CPU
		{37F47827-A9ED-4FDD-97DC-418F5221521A}.Release|Any CPU.ActiveCfg = Release|Any CPU
		{37F47827-A9ED-4FDD-97DC-418F5221521A}.Release|Any CPU.Build.0 = Release|Any CPU
		{4B2F6F86-946B-45CB-8C86-78DB4027A02F}.Debug|Any CPU.ActiveCfg = Debug|Any CPU
		{4B2F6F86-946B-45CB-8C86-78DB4027A02F}.Debug|Any CPU.Build.0 = Debug|Any CPU
		{4B2F6F86-946B-45CB-8C86-78DB4027A02F}.Release|Any CPU.ActiveCfg = Release|Any CPU
		{4B2F6F86-946B-45CB-8C86-78DB4027A02F}.Release|Any CPU.Build.0 = Release|Any CPU
		{9947D364-443F-43AB-A764-ED71B0DF06A9}.Debug|Any CPU.ActiveCfg = Debug|Any CPU
		{9947D364-443F-43AB-A764-ED71B0DF06A9}.Debug|Any CPU.Build.0 = Debug|Any CPU
		{9947D364-443F-43AB-A764-ED71B0DF06A9}.Release|Any CPU.ActiveCfg = Release|Any CPU
		{9947D364-443F-43AB-A764-ED71B0DF06A9}.Release|Any CPU.Build.0 = Release|Any CPU
	EndGlobalSection
	GlobalSection(SolutionProperties) = preSolution
		HideSolutionNode = FALSE
	EndGlobalSection
EndGlobal
